
Microsoft Visual Studio Solution File, Format Version 12.00
# Visual Studio Version 16
VisualStudioVersion = 16.0.33423.256
MinimumVisualStudioVersion = 10.0.40219.1
Project("{FAE04EC0-301F-11D3-BF4B-00C04F79EFBC}") = "KpopZtation", "KpopZtation\KpopZtation.csproj", "{B09ACFEB-6656-40DC-9243-A3AD460BF1C7}"
EndProject
Global
	GlobalSection(SolutionConfigurationPlatforms) = preSolution
		Debug|Any CPU = Debug|Any CPU
		Release|Any CPU = Release|Any CPU
	EndGlobalSection
	GlobalSection(ProjectConfigurationPlatforms) = postSolution
		{B09ACFEB-6656-40DC-9243-A3AD460BF1C7}.Debug|Any CPU.ActiveCfg = Debug|Any CPU
		{B09ACFEB-6656-40DC-9243-A3AD460BF1C7}.Debug|Any CPU.Build.0 = Debug|Any CPU
		{B09ACFEB-6656-40DC-9243-A3AD460BF1C7}.Release|Any CPU.ActiveCfg = Release|Any CPU
		{B09ACFEB-6656-40DC-9243-A3AD460BF1C7}.Release|Any CPU.Build.0 = Release|Any CPU
	EndGlobalSection
	GlobalSection(SolutionProperties) = preSolution
		HideSolutionNode = FALSE
	EndGlobalSection
	GlobalSection(ExtensibilityGlobals) = postSolution
		SolutionGuid = {B5570D33-5691-4F9E-8485-0A0BEF4B3180}
	EndGlobalSection
EndGlobal
